// !$*UTF8*$!
{
	archiveVersion = 1;
	classes = {
	};
	objectVersion = 50;
	objects = {

/* Begin PBXBuildFile section */
		EE08EAF824C6D7F400626AEB /* AppDelegate.swift in Sources */ = {isa = PBXBuildFile; fileRef = EE08EAF724C6D7F400626AEB /* AppDelegate.swift */; };
		EE08EAFA24C6D7F400626AEB /* SceneDelegate.swift in Sources */ = {isa = PBXBuildFile; fileRef = EE08EAF924C6D7F400626AEB /* SceneDelegate.swift */; };
		EE08EAFD24C6D7F400626AEB /* LessonOne_SwiftUI.xcdatamodeld in Sources */ = {isa = PBXBuildFile; fileRef = EE08EAFB24C6D7F400626AEB /* LessonOne_SwiftUI.xcdatamodeld */; };
		EE08EAFF24C6D7F400626AEB /* ContentView.swift in Sources */ = {isa = PBXBuildFile; fileRef = EE08EAFE24C6D7F400626AEB /* ContentView.swift */; };
		EE08EB0124C6D7F900626AEB /* Assets.xcassets in Resources */ = {isa = PBXBuildFile; fileRef = EE08EB0024C6D7F900626AEB /* Assets.xcassets */; };
		EE08EB0424C6D7F900626AEB /* Preview Assets.xcassets in Resources */ = {isa = PBXBuildFile; fileRef = EE08EB0324C6D7F900626AEB /* Preview Assets.xcassets */; };
		EE08EB0724C6D7F900626AEB /* LaunchScreen.storyboard in Resources */ = {isa = PBXBuildFile; fileRef = EE08EB0524C6D7F900626AEB /* LaunchScreen.storyboard */; };
		EE08EB0F24C6D8CE00626AEB /* ColorCircle.swift in Sources */ = {isa = PBXBuildFile; fileRef = EE08EB0E24C6D8CE00626AEB /* ColorCircle.swift */; };
		EE08EB1324C6E5CC00626AEB /* OperatingMode.swift in Sources */ = {isa = PBXBuildFile; fileRef = EE08EB1224C6E5CC00626AEB /* OperatingMode.swift */; };
/* End PBXBuildFile section */

/* Begin PBXFileReference section */
		EE08EAF424C6D7F400626AEB /* LessonOne_SwiftUI.app */ = {isa = PBXFileReference; explicitFileType = wrapper.application; includeInIndex = 0; path = LessonOne_SwiftUI.app; sourceTree = BUILT_PRODUCTS_DIR; };
		EE08EAF724C6D7F400626AEB /* AppDelegate.swift */ = {isa = PBXFileReference; lastKnownFileType = sourcecode.swift; path = AppDelegate.swift; sourceTree = "<group>"; };
		EE08EAF924C6D7F400626AEB /* SceneDelegate.swift */ = {isa = PBXFileReference; lastKnownFileType = sourcecode.swift; path = SceneDelegate.swift; sourceTree = "<group>"; };
		EE08EAFC24C6D7F400626AEB /* LessonOne_SwiftUI.xcdatamodel */ = {isa = PBXFileReference; lastKnownFileType = wrapper.xcdatamodel; path = LessonOne_SwiftUI.xcdatamodel; sourceTree = "<group>"; };
		EE08EAFE24C6D7F400626AEB /* ContentView.swift */ = {isa = PBXFileReference; lastKnownFileType = sourcecode.swift; path = ContentView.swift; sourceTree = "<group>"; };
		EE08EB0024C6D7F900626AEB /* Assets.xcassets */ = {isa = PBXFileReference; lastKnownFileType = folder.assetcatalog; path = Assets.xcassets; sourceTree = "<group>"; };
		EE08EB0324C6D7F900626AEB /* Preview Assets.xcassets */ = {isa = PBXFileReference; lastKnownFileType = folder.assetcatalog; path = "Preview Assets.xcassets"; sourceTree = "<group>"; };
		EE08EB0624C6D7F900626AEB /* Base */ = {isa = PBXFileReference; lastKnownFileType = file.storyboard; name = Base; path = Base.lproj/LaunchScreen.storyboard; sourceTree = "<group>"; };
		EE08EB0824C6D7F900626AEB /* Info.plist */ = {isa = PBXFileReference; lastKnownFileType = text.plist.xml; path = Info.plist; sourceTree = "<group>"; };
		EE08EB0E24C6D8CE00626AEB /* ColorCircle.swift */ = {isa = PBXFileReference; lastKnownFileType = sourcecode.swift; path = ColorCircle.swift; sourceTree = "<group>"; };
		EE08EB1224C6E5CC00626AEB /* OperatingMode.swift */ = {isa = PBXFileReference; lastKnownFileType = sourcecode.swift; path = OperatingMode.swift; sourceTree = "<group>"; };
/* End PBXFileReference section */

/* Begin PBXFrameworksBuildPhase section */
		EE08EAF124C6D7F300626AEB /* Frameworks */ = {
			isa = PBXFrameworksBuildPhase;
			buildActionMask = 2147483647;
			files = (
			);
			runOnlyForDeploymentPostprocessing = 0;
		};
/* End PBXFrameworksBuildPhase section */

/* Begin PBXGroup section */
		EE08EAEB24C6D7F300626AEB = {
			isa = PBXGroup;
			children = (
				EE08EAF624C6D7F400626AEB /* LessonOne_SwiftUI */,
				EE08EAF524C6D7F400626AEB /* Products */,
			);
			sourceTree = "<group>";
		};
		EE08EAF524C6D7F400626AEB /* Products */ = {
			isa = PBXGroup;
			children = (
				EE08EAF424C6D7F400626AEB /* LessonOne_SwiftUI.app */,
			);
			name = Products;
			sourceTree = "<group>";
		};
		EE08EAF624C6D7F400626AEB /* LessonOne_SwiftUI */ = {
			isa = PBXGroup;
			children = (
				EE08EAF724C6D7F400626AEB /* AppDelegate.swift */,
				EE08EAF924C6D7F400626AEB /* SceneDelegate.swift */,
				EE08EAFE24C6D7F400626AEB /* ContentView.swift */,
				EE08EB1224C6E5CC00626AEB /* OperatingMode.swift */,
				EE08EB0E24C6D8CE00626AEB /* ColorCircle.swift */,
				EE08EB0024C6D7F900626AEB /* Assets.xcassets */,
				EE08EB0524C6D7F900626AEB /* LaunchScreen.storyboard */,
				EE08EB0824C6D7F900626AEB /* Info.plist */,
				EE08EAFB24C6D7F400626AEB /* LessonOne_SwiftUI.xcdatamodeld */,
				EE08EB0224C6D7F900626AEB /* Preview Content */,
			);
			path = LessonOne_SwiftUI;
			sourceTree = "<group>";
		};
		EE08EB0224C6D7F900626AEB /* Preview Content */ = {
			isa = PBXGroup;
			children = (
				EE08EB0324C6D7F900626AEB /* Preview Assets.xcassets */,
			);
			path = "Preview Content";
			sourceTree = "<group>";
		};
/* End PBXGroup section */

/* Begin PBXNativeTarget section */
		EE08EAF324C6D7F300626AEB /* LessonOne_SwiftUI */ = {
			isa = PBXNativeTarget;
			buildConfigurationList = EE08EB0B24C6D7F900626AEB /* Build configuration list for PBXNativeTarget "LessonOne_SwiftUI" */;
			buildPhases = (
				EE08EAF024C6D7F300626AEB /* Sources */,
				EE08EAF124C6D7F300626AEB /* Frameworks */,
				EE08EAF224C6D7F300626AEB /* Resources */,
			);
			buildRules = (
			);
			dependencies = (
			);
			name = LessonOne_SwiftUI;
			productName = LessonOne_SwiftUI;
			productReference = EE08EAF424C6D7F400626AEB /* LessonOne_SwiftUI.app */;
			productType = "com.apple.product-type.application";
		};
/* End PBXNativeTarget section */

/* Begin PBXProject section */
		EE08EAEC24C6D7F300626AEB /* Project object */ = {
			isa = PBXProject;
			attributes = {
				LastSwiftUpdateCheck = 1140;
				LastUpgradeCheck = 1140;
				ORGANIZATIONNAME = "Кирилл Крамар";
				TargetAttributes = {
					EE08EAF324C6D7F300626AEB = {
						CreatedOnToolsVersion = 11.4;
					};
				};
			};
			buildConfigurationList = EE08EAEF24C6D7F300626AEB /* Build configuration list for PBXProject "LessonOne_SwiftUI" */;
			compatibilityVersion = "Xcode 9.3";
			developmentRegion = en;
			hasScannedForEncodings = 0;
			knownRegions = (
				en,
				Base,
			);
			mainGroup = EE08EAEB24C6D7F300626AEB;
			productRefGroup = EE08EAF524C6D7F400626AEB /* Products */;
			projectDirPath = "";
			projectRoot = "";
			targets = (
				EE08EAF324C6D7F300626AEB /* LessonOne_SwiftUI */,
			);
		};
/* End PBXProject section */

/* Begin PBXResourcesBuildPhase section */
		EE08EAF224C6D7F300626AEB /* Resources */ = {
			isa = PBXResourcesBuildPhase;
			buildActionMask = 2147483647;
			files = (
				EE08EB0724C6D7F900626AEB /* LaunchScreen.storyboard in Resources */,
				EE08EB0424C6D7F900626AEB /* Preview Assets.xcassets in Resources */,
				EE08EB0124C6D7F900626AEB /* Assets.xcassets in Resources */,
			);
			runOnlyForDeploymentPostprocessing = 0;
		};
/* End PBXResourcesBuildPhase section */

/* Begin PBXSourcesBuildPhase section */
		EE08EAF024C6D7F300626AEB /* Sources */ = {
			isa = PBXSourcesBuildPhase;
			buildActionMask = 2147483647;
			files = (
				EE08EAF824C6D7F400626AEB /* AppDelegate.swift in Sources */,
				EE08EAFA24C6D7F400626AEB /* SceneDelegate.swift in Sources */,
				EE08EB0F24C6D8CE00626AEB /* ColorCircle.swift in Sources */,
				EE08EAFF24C6D7F400626AEB /* ContentView.swift in Sources */,
				EE08EB1324C6E5CC00626AEB /* OperatingMode.swift in Sources */,
				EE08EAFD24C6D7F400626AEB /* LessonOne_SwiftUI.xcdatamodeld in Sources */,
			);
			runOnlyForDeploymentPostprocessing = 0;
		};
/* End PBXSourcesBuildPhase section */

/* Begin PBXVariantGroup section */
		EE08EB0524C6D7F900626AEB /* LaunchScreen.storyboard */ = {
			isa = PBXVariantGroup;
			children = (
				EE08EB0624C6D7F900626AEB /* Base */,
			);
			name = LaunchScreen.storyboard;
			sourceTree = "<group>";
		};
/* End PBXVariantGroup section */

/* Begin XCBuildConfiguration section */
		EE08EB0924C6D7F900626AEB /* Debug */ = {
			isa = XCBuildConfiguration;
			buildSettings = {
				ALWAYS_SEARCH_USER_PATHS = NO;
				CLANG_ANALYZER_NONNULL = YES;
				CLANG_ANALYZER_NUMBER_OBJECT_CONVERSION = YES_AGGRESSIVE;
				CLANG_CXX_LANGUAGE_STANDARD = "gnu++14";
				CLANG_CXX_LIBRARY = "libc++";
				CLANG_ENABLE_MODULES = YES;
				CLANG_ENABLE_OBJC_ARC = YES;
				CLANG_ENABLE_OBJC_WEAK = YES;
				CLANG_WARN_BLOCK_CAPTURE_AUTORELEASING = YES;
				CLANG_WARN_BOOL_CONVERSION = YES;
				CLANG_WARN_COMMA = YES;
				CLANG_WARN_CONSTANT_CONVERSION = YES;
				CLANG_WARN_DEPRECATED_OBJC_IMPLEMENTATIONS = YES;
				CLANG_WARN_DIRECT_OBJC_ISA_USAGE = YES_ERROR;
				CLANG_WARN_DOCUMENTATION_COMMENTS = YES;
				CLANG_WARN_EMPTY_BODY = YES;
				CLANG_WARN_ENUM_CONVERSION = YES;
				CLANG_WARN_INFINITE_RECURSION = YES;
				CLANG_WARN_INT_CONVERSION = YES;
				CLANG_WARN_NON_LITERAL_NULL_CONVERSION = YES;
				CLANG_WARN_OBJC_IMPLICIT_RETAIN_SELF = YES;
				CLANG_WARN_OBJC_LITERAL_CONVERSION = YES;
				CLANG_WARN_OBJC_ROOT_CLASS = YES_ERROR;
				CLANG_WARN_RANGE_LOOP_ANALYSIS = YES;
				CLANG_WARN_STRICT_PROTOTYPES = YES;
				CLANG_WARN_SUSPICIOUS_MOVE = YES;
				CLANG_WARN_UNGUARDED_AVAILABILITY = YES_AGGRESSIVE;
				CLANG_WARN_UNREACHABLE_CODE = YES;
				CLANG_WARN__DUPLICATE_METHOD_MATCH = YES;
				COPY_PHASE_STRIP = NO;
				DEBUG_INFORMATION_FORMAT = dwarf;
				ENABLE_STRICT_OBJC_MSGSEND = YES;
				ENABLE_TESTABILITY = YES;
				GCC_C_LANGUAGE_STANDARD = gnu11;
				GCC_DYNAMIC_NO_PIC = NO;
				GCC_NO_COMMON_BLOCKS = YES;
				GCC_OPTIMIZATION_LEVEL = 0;
				GCC_PREPROCESSOR_DEFINITIONS = (
					"DEBUG=1",
					"$(inherited)",
				);
				GCC_WARN_64_TO_32_BIT_CONVERSION = YES;
				GCC_WARN_ABOUT_RETURN_TYPE = YES_ERROR;
				GCC_WARN_UNDECLARED_SELECTOR = YES;
				GCC_WARN_UNINITIALIZED_AUTOS = YES_AGGRESSIVE;
				GCC_WARN_UNUSED_FUNCTION = YES;
				GCC_WARN_UNUSED_VARIABLE = YES;
				IPHONEOS_DEPLOYMENT_TARGET = 13.4;
				MTL_ENABLE_DEBUG_INFO = INCLUDE_SOURCE;
				MTL_FAST_MATH = YES;
				ONLY_ACTIVE_ARCH = YES;
				SDKROOT = iphoneos;
				SWIFT_ACTIVE_COMPILATION_CONDITIONS = DEBUG;
				SWIFT_OPTIMIZATION_LEVEL = "-Onone";
			};
			name = Debug;
		};
		EE08EB0A24C6D7F900626AEB /* Release */ = {
			isa = XCBuildConfiguration;
			buildSettings = {
				ALWAYS_SEARCH_USER_PATHS = NO;
				CLANG_ANALYZER_NONNULL = YES;
				CLANG_ANALYZER_NUMBER_OBJECT_CONVERSION = YES_AGGRESSIVE;
				CLANG_CXX_LANGUAGE_STANDARD = "gnu++14";
				CLANG_CXX_LIBRARY = "libc++";
				CLANG_ENABLE_MODULES = YES;
				CLANG_ENABLE_OBJC_ARC = YES;
				CLANG_ENABLE_OBJC_WEAK = YES;
				CLANG_WARN_BLOCK_CAPTURE_AUTORELEASING = YES;
				CLANG_WARN_BOOL_CONVERSION = YES;
				CLANG_WARN_COMMA = YES;
				CLANG_WARN_CONSTANT_CONVERSION = YES;
				CLANG_WARN_DEPRECATED_OBJC_IMPLEMENTATIONS = YES;
				CLANG_WARN_DIRECT_OBJC_ISA_USAGE = YES_ERROR;
				CLANG_WARN_DOCUMENTATION_COMMENTS = YES;
				CLANG_WARN_EMPTY_BODY = YES;
				CLANG_WARN_ENUM_CONVERSION = YES;
				CLANG_WARN_INFINITE_RECURSION = YES;
				CLANG_WARN_INT_CONVERSION = YES;
				CLANG_WARN_NON_LITERAL_NULL_CONVERSION = YES;
				CLANG_WARN_OBJC_IMPLICIT_RETAIN_SELF = YES;
				CLANG_WARN_OBJC_LITERAL_CONVERSION = YES;
				CLANG_WARN_OBJC_ROOT_CLASS = YES_ERROR;
				CLANG_WARN_RANGE_LOOP_ANALYSIS = YES;
				CLANG_WARN_STRICT_PROTOTYPES = YES;
				CLANG_WARN_SUSPICIOUS_MOVE = YES;
				CLANG_WARN_UNGUARDED_AVAILABILITY = YES_AGGRESSIVE;
				CLANG_WARN_UNREACHABLE_CODE = YES;
				CLANG_WARN__DUPLICATE_METHOD_MATCH = YES;
				COPY_PHASE_STRIP = NO;
				DEBUG_INFORMATION_FORMAT = "dwarf-with-dsym";
				ENABLE_NS_ASSERTIONS = NO;
				ENABLE_STRICT_OBJC_MSGSEND = YES;
				GCC_C_LANGUAGE_STANDARD = gnu11;
				GCC_NO_COMMON_BLOCKS = YES;
				GCC_WARN_64_TO_32_BIT_CONVERSION = YES;
				GCC_WARN_ABOUT_RETURN_TYPE = YES_ERROR;
				GCC_WARN_UNDECLARED_SELECTOR = YES;
				GCC_WARN_UNINITIALIZED_AUTOS = YES_AGGRESSIVE;
				GCC_WARN_UNUSED_FUNCTION = YES;
				GCC_WARN_UNUSED_VARIABLE = YES;
				IPHONEOS_DEPLOYMENT_TARGET = 13.4;
				MTL_ENABLE_DEBUG_INFO = NO;
				MTL_FAST_MATH = YES;
				SDKROOT = iphoneos;
				SWIFT_COMPILATION_MODE = wholemodule;
				SWIFT_OPTIMIZATION_LEVEL = "-O";
				VALIDATE_PRODUCT = YES;
			};
			name = Release;
		};
		EE08EB0C24C6D7F900626AEB /* Debug */ = {
			isa = XCBuildConfiguration;
			buildSettings = {
				ASSETCATALOG_COMPILER_APPICON_NAME = AppIcon;
				CODE_SIGN_STYLE = Automatic;
				DEVELOPMENT_ASSET_PATHS = "\"LessonOne_SwiftUI/Preview Content\"";
				ENABLE_PREVIEWS = YES;
				INFOPLIST_FILE = LessonOne_SwiftUI/Info.plist;
				LD_RUNPATH_SEARCH_PATHS = (
					"$(inherited)",
					"@executable_path/Frameworks",
				);
				PRODUCT_BUNDLE_IDENTIFIER = "cnecie.LessonOne-SwiftUI";
				PRODUCT_NAME = "$(TARGET_NAME)";
				SWIFT_VERSION = 5.0;
				TARGETED_DEVICE_FAMILY = "1,2";
			};
			name = Debug;
		};
		EE08EB0D24C6D7F900626AEB /* Release */ = {
			isa = XCBuildConfiguration;
			buildSettings = {
				ASSETCATALOG_COMPILER_APPICON_NAME = AppIcon;
				CODE_SIGN_STYLE = Automatic;
				DEVELOPMENT_ASSET_PATHS = "\"LessonOne_SwiftUI/Preview Content\"";
				ENABLE_PREVIEWS = YES;
				INFOPLIST_FILE = LessonOne_SwiftUI/Info.plist;
				LD_RUNPATH_SEARCH_PATHS = (
					"$(inherited)",
					"@executable_path/Frameworks",
				);
				PRODUCT_BUNDLE_IDENTIFIER = "cnecie.LessonOne-SwiftUI";
				PRODUCT_NAME = "$(TARGET_NAME)";
				SWIFT_VERSION = 5.0;
				TARGETED_DEVICE_FAMILY = "1,2";
			};
			name = Release;
		};
/* End XCBuildConfiguration section */

/* Begin XCConfigurationList section */
		EE08EAEF24C6D7F300626AEB /* Build configuration list for PBXProject "LessonOne_SwiftUI" */ = {
			isa = XCConfigurationList;
			buildConfigurations = (
				EE08EB0924C6D7F900626AEB /* Debug */,
				EE08EB0A24C6D7F900626AEB /* Release */,
			);
			defaultConfigurationIsVisible = 0;
			defaultConfigurationName = Release;
		};
		EE08EB0B24C6D7F900626AEB /* Build configuration list for PBXNativeTarget "LessonOne_SwiftUI" */ = {
			isa = XCConfigurationList;
			buildConfigurations = (
				EE08EB0C24C6D7F900626AEB /* Debug */,
				EE08EB0D24C6D7F900626AEB /* Release */,
			);
			defaultConfigurationIsVisible = 0;
			defaultConfigurationName = Release;
		};
/* End XCConfigurationList section */

/* Begin XCVersionGroup section */
		EE08EAFB24C6D7F400626AEB /* LessonOne_SwiftUI.xcdatamodeld */ = {
			isa = XCVersionGroup;
			children = (
				EE08EAFC24C6D7F400626AEB /* LessonOne_SwiftUI.xcdatamodel */,
			);
			currentVersion = EE08EAFC24C6D7F400626AEB /* LessonOne_SwiftUI.xcdatamodel */;
			path = LessonOne_SwiftUI.xcdatamodeld;
			sourceTree = "<group>";
			versionGroupType = wrapper.xcdatamodel;
		};
/* End XCVersionGroup section */
	};
	rootObject = EE08EAEC24C6D7F300626AEB /* Project object */;
}
